
Microsoft Visual Studio Solution File, Format Version 12.00
# Visual Studio Version 17
VisualStudioVersion = 17.11.35327.3
MinimumVisualStudioVersion = 10.0.40219.1
Project("{FAE04EC0-301F-11D3-BF4B-00C04F79EFBC}") = "ControleEstoque", "ControleEstoque\ControleEstoque.csproj", "{729704EC-0033-4816-9500-395F8677B229}"
EndProject
Global
	GlobalSection(SolutionConfigurationPlatforms) = preSolution
		Debug|Any CPU = Debug|Any CPU
		Release|Any CPU = Release|Any CPU
	EndGlobalSection
	GlobalSection(ProjectConfigurationPlatforms) = postSolution
		{729704EC-0033-4816-9500-395F8677B229}.Debug|Any CPU.ActiveCfg = Debug|Any CPU
		{729704EC-0033-4816-9500-395F8677B229}.Debug|Any CPU.Build.0 = Debug|Any CPU
		{729704EC-0033-4816-9500-395F8677B229}.Release|Any CPU.ActiveCfg = Release|Any CPU
		{729704EC-0033-4816-9500-395F8677B229}.Release|Any CPU.Build.0 = Release|Any CPU
	EndGlobalSection
	GlobalSection(SolutionProperties) = preSolution
		HideSolutionNode = FALSE
	EndGlobalSection
	GlobalSection(ExtensibilityGlobals) = postSolution
		SolutionGuid = {9CD4743A-B24F-471F-A7B0-B4684C9BF922}
	EndGlobalSection
EndGlobal
